// !$*UTF8*$!
{
	archiveVersion = 1;
	classes = {
	};
	objectVersion = 48;
	objects = {

/* Begin PBXBuildFile section */
		16CC91B420FD2ABD00635366 /* AppDelegate.swift in Sources */ = {isa = PBXBuildFile; fileRef = 16CC91B320FD2ABD00635366 /* AppDelegate.swift */; };
		16CC91B620FD2ABD00635366 /* ViewController.swift in Sources */ = {isa = PBXBuildFile; fileRef = 16CC91B520FD2ABD00635366 /* ViewController.swift */; };
		16CC91B920FD2ABD00635366 /* Main.storyboard in Resources */ = {isa = PBXBuildFile; fileRef = 16CC91B720FD2ABD00635366 /* Main.storyboard */; };
		16CC91BB20FD2ABD00635366 /* Assets.xcassets in Resources */ = {isa = PBXBuildFile; fileRef = 16CC91BA20FD2ABD00635366 /* Assets.xcassets */; };
		16CC91BE20FD2ABD00635366 /* LaunchScreen.storyboard in Resources */ = {isa = PBXBuildFile; fileRef = 16CC91BC20FD2ABD00635366 /* LaunchScreen.storyboard */; };
		16CC91C920FD347900635366 /* ImagesCell.swift in Sources */ = {isa = PBXBuildFile; fileRef = 16CC91C820FD347900635366 /* ImagesCell.swift */; };
		16DE988D20FE4F92000173E8 /* ImagesUrls.swift in Sources */ = {isa = PBXBuildFile; fileRef = 16DE988C20FE4F92000173E8 /* ImagesUrls.swift */; };
		308A680DA8006F07FD942712 /* Pods_pixabay.framework in Frameworks */ = {isa = PBXBuildFile; fileRef = 83AB11DCBA2E31CDE225ED69 /* Pods_pixabay.framework */; };
/* End PBXBuildFile section */

/* Begin PBXFileReference section */
		16CC91B020FD2ABD00635366 /* pixabay.app */ = {isa = PBXFileReference; explicitFileType = wrapper.application; includeInIndex = 0; path = pixabay.app; sourceTree = BUILT_PRODUCTS_DIR; };
		16CC91B320FD2ABD00635366 /* AppDelegate.swift */ = {isa = PBXFileReference; lastKnownFileType = sourcecode.swift; path = AppDelegate.swift; sourceTree = "<group>"; };
		16CC91B520FD2ABD00635366 /* ViewController.swift */ = {isa = PBXFileReference; lastKnownFileType = sourcecode.swift; path = ViewController.swift; sourceTree = "<group>"; };
		16CC91B820FD2ABD00635366 /* Base */ = {isa = PBXFileReference; lastKnownFileType = file.storyboard; name = Base; path = Base.lproj/Main.storyboard; sourceTree = "<group>"; };
		16CC91BA20FD2ABD00635366 /* Assets.xcassets */ = {isa = PBXFileReference; lastKnownFileType = folder.assetcatalog; path = Assets.xcassets; sourceTree = "<group>"; };
		16CC91BD20FD2ABD00635366 /* Base */ = {isa = PBXFileReference; lastKnownFileType = file.storyboard; name = Base; path = Base.lproj/LaunchScreen.storyboard; sourceTree = "<group>"; };
		16CC91BF20FD2ABD00635366 /* Info.plist */ = {isa = PBXFileReference; lastKnownFileType = text.plist.xml; path = Info.plist; sourceTree = "<group>"; };
		16CC91C820FD347900635366 /* ImagesCell.swift */ = {isa = PBXFileReference; lastKnownFileType = sourcecode.swift; path = ImagesCell.swift; sourceTree = "<group>"; };
		16DE988C20FE4F92000173E8 /* ImagesUrls.swift */ = {isa = PBXFileReference; lastKnownFileType = sourcecode.swift; path = ImagesUrls.swift; sourceTree = "<group>"; };
		5D46169546E7DCC2BC19A3AF /* Pods-pixabay.release.xcconfig */ = {isa = PBXFileReference; includeInIndex = 1; lastKnownFileType = text.xcconfig; name = "Pods-pixabay.release.xcconfig"; path = "Pods/Target Support Files/Pods-pixabay/Pods-pixabay.release.xcconfig"; sourceTree = "<group>"; };
		83AB11DCBA2E31CDE225ED69 /* Pods_pixabay.framework */ = {isa = PBXFileReference; explicitFileType = wrapper.framework; includeInIndex = 0; path = Pods_pixabay.framework; sourceTree = BUILT_PRODUCTS_DIR; };
		C0AE2F22EE2694858CACC93D /* Pods-pixabay.debug.xcconfig */ = {isa = PBXFileReference; includeInIndex = 1; lastKnownFileType = text.xcconfig; name = "Pods-pixabay.debug.xcconfig"; path = "Pods/Target Support Files/Pods-pixabay/Pods-pixabay.debug.xcconfig"; sourceTree = "<group>"; };
/* End PBXFileReference section */

/* Begin PBXFrameworksBuildPhase section */
		16CC91AD20FD2ABD00635366 /* Frameworks */ = {
			isa = PBXFrameworksBuildPhase;
			buildActionMask = 2147483647;
			files = (
				308A680DA8006F07FD942712 /* Pods_pixabay.framework in Frameworks */,
			);
			runOnlyForDeploymentPostprocessing = 0;
		};
/* End PBXFrameworksBuildPhase section */

/* Begin PBXGroup section */
		16CC91A720FD2ABD00635366 = {
			isa = PBXGroup;
			children = (
				16CC91B220FD2ABD00635366 /* pixabay */,
				16CC91B120FD2ABD00635366 /* Products */,
				D84818C70CA49C6C0FA17BCA /* Pods */,
				5B5BA5140F30E917DF19D570 /* Frameworks */,
			);
			sourceTree = "<group>";
		};
		16CC91B120FD2ABD00635366 /* Products */ = {
			isa = PBXGroup;
			children = (
				16CC91B020FD2ABD00635366 /* pixabay.app */,
			);
			name = Products;
			sourceTree = "<group>";
		};
		16CC91B220FD2ABD00635366 /* pixabay */ = {
			isa = PBXGroup;
			children = (
				16CC91C720FD2CC700635366 /* Controller */,
				16CC91C620FD2CBC00635366 /* View */,
				16CC91C520FD2C9C00635366 /* Model */,
				16CC91B320FD2ABD00635366 /* AppDelegate.swift */,
				16CC91B720FD2ABD00635366 /* Main.storyboard */,
				16CC91BA20FD2ABD00635366 /* Assets.xcassets */,
				16CC91BC20FD2ABD00635366 /* LaunchScreen.storyboard */,
				16CC91BF20FD2ABD00635366 /* Info.plist */,
			);
			path = pixabay;
			sourceTree = "<group>";
		};
		16CC91C520FD2C9C00635366 /* Model */ = {
			isa = PBXGroup;
			children = (
				16DE988C20FE4F92000173E8 /* ImagesUrls.swift */,
			);
			path = Model;
			sourceTree = "<group>";
		};
		16CC91C620FD2CBC00635366 /* View */ = {
			isa = PBXGroup;
			children = (
				16CC91C820FD347900635366 /* ImagesCell.swift */,
			);
			path = View;
			sourceTree = "<group>";
		};
		16CC91C720FD2CC700635366 /* Controller */ = {
			isa = PBXGroup;
			children = (
				16CC91B520FD2ABD00635366 /* ViewController.swift */,
			);
			path = Controller;
			sourceTree = "<group>";
		};
		5B5BA5140F30E917DF19D570 /* Frameworks */ = {
			isa = PBXGroup;
			children = (
				83AB11DCBA2E31CDE225ED69 /* Pods_pixabay.framework */,
			);
			name = Frameworks;
			sourceTree = "<group>";
		};
		D84818C70CA49C6C0FA17BCA /* Pods */ = {
			isa = PBXGroup;
			children = (
				C0AE2F22EE2694858CACC93D /* Pods-pixabay.debug.xcconfig */,
				5D46169546E7DCC2BC19A3AF /* Pods-pixabay.release.xcconfig */,
			);
			name = Pods;
			sourceTree = "<group>";
		};
/* End PBXGroup section */

/* Begin PBXNativeTarget section */
		16CC91AF20FD2ABD00635366 /* pixabay */ = {
			isa = PBXNativeTarget;
			buildConfigurationList = 16CC91C220FD2ABD00635366 /* Build configuration list for PBXNativeTarget "pixabay" */;
			buildPhases = (
				D25AB5A8678784C0E9CF34E2 /* [CP] Check Pods Manifest.lock */,
				16CC91AC20FD2ABD00635366 /* Sources */,
				16CC91AD20FD2ABD00635366 /* Frameworks */,
				16CC91AE20FD2ABD00635366 /* Resources */,
				77DDA92B80F973D4E78F618B /* [CP] Embed Pods Frameworks */,
			);
			buildRules = (
			);
			dependencies = (
			);
			name = pixabay;
			productName = pixabay;
			productReference = 16CC91B020FD2ABD00635366 /* pixabay.app */;
			productType = "com.apple.product-type.application";
		};
/* End PBXNativeTarget section */

/* Begin PBXProject section */
		16CC91A820FD2ABD00635366 /* Project object */ = {
			isa = PBXProject;
			attributes = {
				LastSwiftUpdateCheck = 0910;
				LastUpgradeCheck = 0910;
				ORGANIZATIONNAME = TheAmrAli;
				TargetAttributes = {
					16CC91AF20FD2ABD00635366 = {
						CreatedOnToolsVersion = 9.1;
						ProvisioningStyle = Automatic;
					};
				};
			};
			buildConfigurationList = 16CC91AB20FD2ABD00635366 /* Build configuration list for PBXProject "pixabay" */;
			compatibilityVersion = "Xcode 8.0";
			developmentRegion = en;
			hasScannedForEncodings = 0;
			knownRegions = (
				en,
				Base,
			);
			mainGroup = 16CC91A720FD2ABD00635366;
			productRefGroup = 16CC91B120FD2ABD00635366 /* Products */;
			projectDirPath = "";
			projectRoot = "";
			targets = (
				16CC91AF20FD2ABD00635366 /* pixabay */,
			);
		};
/* End PBXProject section */

/* Begin PBXResourcesBuildPhase section */
		16CC91AE20FD2ABD00635366 /* Resources */ = {
			isa = PBXResourcesBuildPhase;
			buildActionMask = 2147483647;
			files = (
				16CC91BE20FD2ABD00635366 /* LaunchScreen.storyboard in Resources */,
				16CC91BB20FD2ABD00635366 /* Assets.xcassets in Resources */,
				16CC91B920FD2ABD00635366 /* Main.storyboard in Resources */,
			);
			runOnlyForDeploymentPostprocessing = 0;
		};
/* End PBXResourcesBuildPhase section */

/* Begin PBXShellScriptBuildPhase section */
		77DDA92B80F973D4E78F618B /* [CP] Embed Pods Frameworks */ = {
			isa = PBXShellScriptBuildPhase;
			buildActionMask = 2147483647;
			files = (
			);
			inputPaths = (
				"${SRCROOT}/Pods/Target Support Files/Pods-pixabay/Pods-pixabay-frameworks.sh",
				"${BUILT_PRODUCTS_DIR}/Alamofire/Alamofire.framework",
				"${BUILT_PRODUCTS_DIR}/AlamofireImage/AlamofireImage.framework",
				"${BUILT_PRODUCTS_DIR}/SwiftyJSON/SwiftyJSON.framework",
			);
			name = "[CP] Embed Pods Frameworks";
			outputPaths = (
				"${TARGET_BUILD_DIR}/${FRAMEWORKS_FOLDER_PATH}/Alamofire.framework",
				"${TARGET_BUILD_DIR}/${FRAMEWORKS_FOLDER_PATH}/AlamofireImage.framework",
				"${TARGET_BUILD_DIR}/${FRAMEWORKS_FOLDER_PATH}/SwiftyJSON.framework",
			);
			runOnlyForDeploymentPostprocessing = 0;
			shellPath = /bin/sh;
			shellScript = "\"${SRCROOT}/Pods/Target Support Files/Pods-pixabay/Pods-pixabay-frameworks.sh\"\n";
			showEnvVarsInLog = 0;
		};
		D25AB5A8678784C0E9CF34E2 /* [CP] Check Pods Manifest.lock */ = {
			isa = PBXShellScriptBuildPhase;
			buildActionMask = 2147483647;
			files = (
			);
			inputPaths = (
				"${PODS_PODFILE_DIR_PATH}/Podfile.lock",
				"${PODS_ROOT}/Manifest.lock",
			);
			name = "[CP] Check Pods Manifest.lock";
			outputPaths = (
				"$(DERIVED_FILE_DIR)/Pods-pixabay-checkManifestLockResult.txt",
			);
			runOnlyForDeploymentPostprocessing = 0;
			shellPath = /bin/sh;
			shellScript = "diff \"${PODS_PODFILE_DIR_PATH}/Podfile.lock\" \"${PODS_ROOT}/Manifest.lock\" > /dev/null\nif [ $? != 0 ] ; then\n    # print error to STDERR\n    echo \"error: The sandbox is not in sync with the Podfile.lock. Run 'pod install' or update your CocoaPods installation.\" >&2\n    exit 1\nfi\n# This output is used by Xcode 'outputs' to avoid re-running this script phase.\necho \"SUCCESS\" > \"${SCRIPT_OUTPUT_FILE_0}\"\n";
			showEnvVarsInLog = 0;
		};
/* End PBXShellScriptBuildPhase section */

/* Begin PBXSourcesBuildPhase section */
		16CC91AC20FD2ABD00635366 /* Sources */ = {
			isa = PBXSourcesBuildPhase;
			buildActionMask = 2147483647;
			files = (
				16CC91C920FD347900635366 /* ImagesCell.swift in Sources */,
				16CC91B620FD2ABD00635366 /* ViewController.swift in Sources */,
				16CC91B420FD2ABD00635366 /* AppDelegate.swift in Sources */,
				16DE988D20FE4F92000173E8 /* ImagesUrls.swift in Sources */,
			);
			runOnlyForDeploymentPostprocessing = 0;
		};
/* End PBXSourcesBuildPhase section */

/* Begin PBXVariantGroup section */
		16CC91B720FD2ABD00635366 /* Main.storyboard */ = {
			isa = PBXVariantGroup;
			children = (
				16CC91B820FD2ABD00635366 /* Base */,
			);
			name = Main.storyboard;
			sourceTree = "<group>";
		};
		16CC91BC20FD2ABD00635366 /* LaunchScreen.storyboard */ = {
			isa = PBXVariantGroup;
			children = (
				16CC91BD20FD2ABD00635366 /* Base */,
			);
			name = LaunchScreen.storyboard;
			sourceTree = "<group>";
		};
/* End PBXVariantGroup section */

/* Begin XCBuildConfiguration section */
		16CC91C020FD2ABD00635366 /* Debug */ = {
			isa = XCBuildConfiguration;
			buildSettings = {
				ALWAYS_SEARCH_USER_PATHS = NO;
				CLANG_ANALYZER_NONNULL = YES;
				CLANG_ANALYZER_NUMBER_OBJECT_CONVERSION = YES_AGGRESSIVE;
				CLANG_CXX_LANGUAGE_STANDARD = "gnu++14";
				CLANG_CXX_LIBRARY = "libc++";
				CLANG_ENABLE_MODULES = YES;
				CLANG_ENABLE_OBJC_ARC = YES;
				CLANG_WARN_BLOCK_CAPTURE_AUTORELEASING = YES;
				CLANG_WARN_BOOL_CONVERSION = YES;
				CLANG_WARN_COMMA = YES;
				CLANG_WARN_CONSTANT_CONVERSION = YES;
				CLANG_WARN_DIRECT_OBJC_ISA_USAGE = YES_ERROR;
				CLANG_WARN_DOCUMENTATION_COMMENTS = YES;
				CLANG_WARN_EMPTY_BODY = YES;
				CLANG_WARN_ENUM_CONVERSION = YES;
				CLANG_WARN_INFINITE_RECURSION = YES;
				CLANG_WARN_INT_CONVERSION = YES;
				CLANG_WARN_NON_LITERAL_NULL_CONVERSION = YES;
				CLANG_WARN_OBJC_LITERAL_CONVERSION = YES;
				CLANG_WARN_OBJC_ROOT_CLASS = YES_ERROR;
				CLANG_WARN_RANGE_LOOP_ANALYSIS = YES;
				CLANG_WARN_STRICT_PROTOTYPES = YES;
				CLANG_WARN_SUSPICIOUS_MOVE = YES;
				CLANG_WARN_UNGUARDED_AVAILABILITY = YES_AGGRESSIVE;
				CLANG_WARN_UNREACHABLE_CODE = YES;
				CLANG_WARN__DUPLICATE_METHOD_MATCH = YES;
				CODE_SIGN_IDENTITY = "iPhone Developer";
				COPY_PHASE_STRIP = NO;
				DEBUG_INFORMATION_FORMAT = dwarf;
				ENABLE_STRICT_OBJC_MSGSEND = YES;
				ENABLE_TESTABILITY = YES;
				GCC_C_LANGUAGE_STANDARD = gnu11;
				GCC_DYNAMIC_NO_PIC = NO;
				GCC_NO_COMMON_BLOCKS = YES;
				GCC_OPTIMIZATION_LEVEL = 0;
				GCC_PREPROCESSOR_DEFINITIONS = (
					"DEBUG=1",
					"$(inherited)",
				);
				GCC_WARN_64_TO_32_BIT_CONVERSION = YES;
				GCC_WARN_ABOUT_RETURN_TYPE = YES_ERROR;
				GCC_WARN_UNDECLARED_SELECTOR = YES;
				GCC_WARN_UNINITIALIZED_AUTOS = YES_AGGRESSIVE;
				GCC_WARN_UNUSED_FUNCTION = YES;
				GCC_WARN_UNUSED_VARIABLE = YES;
				IPHONEOS_DEPLOYMENT_TARGET = 11.1;
				MTL_ENABLE_DEBUG_INFO = YES;
				ONLY_ACTIVE_ARCH = YES;
				SDKROOT = iphoneos;
				SWIFT_ACTIVE_COMPILATION_CONDITIONS = DEBUG;
				SWIFT_OPTIMIZATION_LEVEL = "-Onone";
			};
			name = Debug;
		};
		16CC91C120FD2ABD00635366 /* Release */ = {
			isa = XCBuildConfiguration;
			buildSettings = {
				ALWAYS_SEARCH_USER_PATHS = NO;
				CLANG_ANALYZER_NONNULL = YES;
				CLANG_ANALYZER_NUMBER_OBJECT_CONVERSION = YES_AGGRESSIVE;
				CLANG_CXX_LANGUAGE_STANDARD = "gnu++14";
				CLANG_CXX_LIBRARY = "libc++";
				CLANG_ENABLE_MODULES = YES;
				CLANG_ENABLE_OBJC_ARC = YES;
				CLANG_WARN_BLOCK_CAPTURE_AUTORELEASING = YES;
				CLANG_WARN_BOOL_CONVERSION = YES;
				CLANG_WARN_COMMA = YES;
				CLANG_WARN_CONSTANT_CONVERSION = YES;
				CLANG_WARN_DIRECT_OBJC_ISA_USAGE = YES_ERROR;
				CLANG_WARN_DOCUMENTATION_COMMENTS = YES;
				CLANG_WARN_EMPTY_BODY = YES;
				CLANG_WARN_ENUM_CONVERSION = YES;
				CLANG_WARN_INFINITE_RECURSION = YES;
				CLANG_WARN_INT_CONVERSION = YES;
				CLANG_WARN_NON_LITERAL_NULL_CONVERSION = YES;
				CLANG_WARN_OBJC_LITERAL_CONVERSION = YES;
				CLANG_WARN_OBJC_ROOT_CLASS = YES_ERROR;
				CLANG_WARN_RANGE_LOOP_ANALYSIS = YES;
				CLANG_WARN_STRICT_PROTOTYPES = YES;
				CLANG_WARN_SUSPICIOUS_MOVE = YES;
				CLANG_WARN_UNGUARDED_AVAILABILITY = YES_AGGRESSIVE;
				CLANG_WARN_UNREACHABLE_CODE = YES;
				CLANG_WARN__DUPLICATE_METHOD_MATCH = YES;
				CODE_SIGN_IDENTITY = "iPhone Developer";
				COPY_PHASE_STRIP = NO;
				DEBUG_INFORMATION_FORMAT = "dwarf-with-dsym";
				ENABLE_NS_ASSERTIONS = NO;
				ENABLE_STRICT_OBJC_MSGSEND = YES;
				GCC_C_LANGUAGE_STANDARD = gnu11;
				GCC_NO_COMMON_BLOCKS = YES;
				GCC_WARN_64_TO_32_BIT_CONVERSION = YES;
				GCC_WARN_ABOUT_RETURN_TYPE = YES_ERROR;
				GCC_WARN_UNDECLARED_SELECTOR = YES;
				GCC_WARN_UNINITIALIZED_AUTOS = YES_AGGRESSIVE;
				GCC_WARN_UNUSED_FUNCTION = YES;
				GCC_WARN_UNUSED_VARIABLE = YES;
				IPHONEOS_DEPLOYMENT_TARGET = 11.1;
				MTL_ENABLE_DEBUG_INFO = NO;
				SDKROOT = iphoneos;
				SWIFT_OPTIMIZATION_LEVEL = "-Owholemodule";
				VALIDATE_PRODUCT = YES;
			};
			name = Release;
		};
		16CC91C320FD2ABD00635366 /* Debug */ = {
			isa = XCBuildConfiguration;
			baseConfigurationReference = C0AE2F22EE2694858CACC93D /* Pods-pixabay.debug.xcconfig */;
			buildSettings = {
				ASSETCATALOG_COMPILER_APPICON_NAME = AppIcon;
				CODE_SIGN_STYLE = Automatic;
				INFOPLIST_FILE = pixabay/Info.plist;
				LD_RUNPATH_SEARCH_PATHS = "$(inherited) @executable_path/Frameworks";
				PRODUCT_BUNDLE_IDENTIFIER = Amr.Ali.pixabay;
				PRODUCT_NAME = "$(TARGET_NAME)";
				SWIFT_VERSION = 4.0;
				TARGETED_DEVICE_FAMILY = "1,2";
			};
			name = Debug;
		};
		16CC91C420FD2ABD00635366 /* Release */ = {
			isa = XCBuildConfiguration;
			baseConfigurationReference = 5D46169546E7DCC2BC19A3AF /* Pods-pixabay.release.xcconfig */;
			buildSettings = {
				ASSETCATALOG_COMPILER_APPICON_NAME = AppIcon;
				CODE_SIGN_STYLE = Automatic;
				INFOPLIST_FILE = pixabay/Info.plist;
				LD_RUNPATH_SEARCH_PATHS = "$(inherited) @executable_path/Frameworks";
				PRODUCT_BUNDLE_IDENTIFIER = Amr.Ali.pixabay;
				PRODUCT_NAME = "$(TARGET_NAME)";
				SWIFT_VERSION = 4.0;
				TARGETED_DEVICE_FAMILY = "1,2";
			};
			name = Release;
		};
/* End XCBuildConfiguration section */

/* Begin XCConfigurationList section */
		16CC91AB20FD2ABD00635366 /* Build configuration list for PBXProject "pixabay" */ = {
			isa = XCConfigurationList;
			buildConfigurations = (
				16CC91C020FD2ABD00635366 /* Debug */,
				16CC91C120FD2ABD00635366 /* Release */,
			);
			defaultConfigurationIsVisible = 0;
			defaultConfigurationName = Release;
		};
		16CC91C220FD2ABD00635366 /* Build configuration list for PBXNativeTarget "pixabay" */ = {
			isa = XCConfigurationList;
			buildConfigurations = (
				16CC91C320FD2ABD00635366 /* Debug */,
				16CC91C420FD2ABD00635366 /* Release */,
			);
			defaultConfigurationIsVisible = 0;
			defaultConfigurationName = Release;
		};
/* End XCConfigurationList section */
	};
	rootObject = 16CC91A820FD2ABD00635366 /* Project object */;
}
